// !$*UTF8*$!
{
	archiveVersion = 1;
	classes = {
	};
	objectVersion = 56;
	objects = {

/* Begin PBXBuildFile section */
		DACD0A7029D0F52200B46C56 /* SnacktacularApp.swift in Sources */ = {isa = PBXBuildFile; fileRef = DACD0A6F29D0F52200B46C56 /* SnacktacularApp.swift */; };
		DACD0A7229D0F52200B46C56 /* LoginView.swift in Sources */ = {isa = PBXBuildFile; fileRef = DACD0A7129D0F52200B46C56 /* LoginView.swift */; };
		DACD0A7429D0F52400B46C56 /* Assets.xcassets in Resources */ = {isa = PBXBuildFile; fileRef = DACD0A7329D0F52400B46C56 /* Assets.xcassets */; };
		DACD0A7729D0F52400B46C56 /* Preview Assets.xcassets in Resources */ = {isa = PBXBuildFile; fileRef = DACD0A7629D0F52400B46C56 /* Preview Assets.xcassets */; };
		DACD0A8029D0F9AB00B46C56 /* FirebaseAuth in Frameworks */ = {isa = PBXBuildFile; productRef = DACD0A7F29D0F9AB00B46C56 /* FirebaseAuth */; };
		DACD0A8229D0F9AB00B46C56 /* FirebaseFirestore in Frameworks */ = {isa = PBXBuildFile; productRef = DACD0A8129D0F9AB00B46C56 /* FirebaseFirestore */; };
		DACD0A8429D0F9AB00B46C56 /* FirebaseFirestoreSwift in Frameworks */ = {isa = PBXBuildFile; productRef = DACD0A8329D0F9AB00B46C56 /* FirebaseFirestoreSwift */; };
		DACD0A8629D0F9AB00B46C56 /* FirebaseStorage in Frameworks */ = {isa = PBXBuildFile; productRef = DACD0A8529D0F9AB00B46C56 /* FirebaseStorage */; };
		DACD0A8829D0FBD100B46C56 /* GoogleService-Info.plist in Resources */ = {isa = PBXBuildFile; fileRef = DACD0A8729D0FBD100B46C56 /* GoogleService-Info.plist */; };
		DACD0A8A29D10A6B00B46C56 /* ListView.swift in Sources */ = {isa = PBXBuildFile; fileRef = DACD0A8929D10A6B00B46C56 /* ListView.swift */; };
		DACD0A8C29D1EA1A00B46C56 /* Spot.swift in Sources */ = {isa = PBXBuildFile; fileRef = DACD0A8B29D1EA1A00B46C56 /* Spot.swift */; };
		DACD0A8E29D1EB2800B46C56 /* SpotDetailView.swift in Sources */ = {isa = PBXBuildFile; fileRef = DACD0A8D29D1EB2800B46C56 /* SpotDetailView.swift */; };
		DACD0A9029D1ED3700B46C56 /* SoptViewModel.swift in Sources */ = {isa = PBXBuildFile; fileRef = DACD0A8F29D1ED3700B46C56 /* SoptViewModel.swift */; };
/* End PBXBuildFile section */

/* Begin PBXFileReference section */
		DACD0A6C29D0F52200B46C56 /* Snacktacular.app */ = {isa = PBXFileReference; explicitFileType = wrapper.application; includeInIndex = 0; path = Snacktacular.app; sourceTree = BUILT_PRODUCTS_DIR; };
		DACD0A6F29D0F52200B46C56 /* SnacktacularApp.swift */ = {isa = PBXFileReference; lastKnownFileType = sourcecode.swift; path = SnacktacularApp.swift; sourceTree = "<group>"; };
		DACD0A7129D0F52200B46C56 /* LoginView.swift */ = {isa = PBXFileReference; lastKnownFileType = sourcecode.swift; path = LoginView.swift; sourceTree = "<group>"; };
		DACD0A7329D0F52400B46C56 /* Assets.xcassets */ = {isa = PBXFileReference; lastKnownFileType = folder.assetcatalog; path = Assets.xcassets; sourceTree = "<group>"; };
		DACD0A7629D0F52400B46C56 /* Preview Assets.xcassets */ = {isa = PBXFileReference; lastKnownFileType = folder.assetcatalog; path = "Preview Assets.xcassets"; sourceTree = "<group>"; };
		DACD0A7D29D0F5A900B46C56 /* Info.plist */ = {isa = PBXFileReference; lastKnownFileType = text.plist; path = Info.plist; sourceTree = "<group>"; };
		DACD0A8729D0FBD100B46C56 /* GoogleService-Info.plist */ = {isa = PBXFileReference; lastKnownFileType = text.plist; path = "GoogleService-Info.plist"; sourceTree = SOURCE_ROOT; };
		DACD0A8929D10A6B00B46C56 /* ListView.swift */ = {isa = PBXFileReference; lastKnownFileType = sourcecode.swift; path = ListView.swift; sourceTree = "<group>"; };
		DACD0A8B29D1EA1A00B46C56 /* Spot.swift */ = {isa = PBXFileReference; lastKnownFileType = sourcecode.swift; path = Spot.swift; sourceTree = "<group>"; };
		DACD0A8D29D1EB2800B46C56 /* SpotDetailView.swift */ = {isa = PBXFileReference; lastKnownFileType = sourcecode.swift; path = SpotDetailView.swift; sourceTree = "<group>"; };
		DACD0A8F29D1ED3700B46C56 /* SoptViewModel.swift */ = {isa = PBXFileReference; lastKnownFileType = sourcecode.swift; path = SoptViewModel.swift; sourceTree = "<group>"; };
/* End PBXFileReference section */

/* Begin PBXFrameworksBuildPhase section */
		DACD0A6929D0F52200B46C56 /* Frameworks */ = {
			isa = PBXFrameworksBuildPhase;
			buildActionMask = 2147483647;
			files = (
				DACD0A8029D0F9AB00B46C56 /* FirebaseAuth in Frameworks */,
				DACD0A8629D0F9AB00B46C56 /* FirebaseStorage in Frameworks */,
				DACD0A8229D0F9AB00B46C56 /* FirebaseFirestore in Frameworks */,
				DACD0A8429D0F9AB00B46C56 /* FirebaseFirestoreSwift in Frameworks */,
			);
			runOnlyForDeploymentPostprocessing = 0;
		};
/* End PBXFrameworksBuildPhase section */

/* Begin PBXGroup section */
		DACD0A6329D0F52200B46C56 = {
			isa = PBXGroup;
			children = (
				DACD0A6E29D0F52200B46C56 /* Snacktacular */,
				DACD0A6D29D0F52200B46C56 /* Products */,
			);
			sourceTree = "<group>";
		};
		DACD0A6D29D0F52200B46C56 /* Products */ = {
			isa = PBXGroup;
			children = (
				DACD0A6C29D0F52200B46C56 /* Snacktacular.app */,
			);
			name = Products;
			sourceTree = "<group>";
		};
		DACD0A6E29D0F52200B46C56 /* Snacktacular */ = {
			isa = PBXGroup;
			children = (
				DACD0A7D29D0F5A900B46C56 /* Info.plist */,
				DACD0A6F29D0F52200B46C56 /* SnacktacularApp.swift */,
				DACD0A8B29D1EA1A00B46C56 /* Spot.swift */,
				DACD0A8F29D1ED3700B46C56 /* SoptViewModel.swift */,
				DACD0A7129D0F52200B46C56 /* LoginView.swift */,
				DACD0A8929D10A6B00B46C56 /* ListView.swift */,
				DACD0A8D29D1EB2800B46C56 /* SpotDetailView.swift */,
				DACD0A7329D0F52400B46C56 /* Assets.xcassets */,
				DACD0A8729D0FBD100B46C56 /* GoogleService-Info.plist */,
				DACD0A7529D0F52400B46C56 /* Preview Content */,
			);
			path = Snacktacular;
			sourceTree = "<group>";
		};
		DACD0A7529D0F52400B46C56 /* Preview Content */ = {
			isa = PBXGroup;
			children = (
				DACD0A7629D0F52400B46C56 /* Preview Assets.xcassets */,
			);
			path = "Preview Content";
			sourceTree = "<group>";
		};
/* End PBXGroup section */

/* Begin PBXNativeTarget section */
		DACD0A6B29D0F52200B46C56 /* Snacktacular */ = {
			isa = PBXNativeTarget;
			buildConfigurationList = DACD0A7A29D0F52400B46C56 /* Build configuration list for PBXNativeTarget "Snacktacular" */;
			buildPhases = (
				DACD0A6829D0F52200B46C56 /* Sources */,
				DACD0A6929D0F52200B46C56 /* Frameworks */,
				DACD0A6A29D0F52200B46C56 /* Resources */,
			);
			buildRules = (
			);
			dependencies = (
			);
			name = Snacktacular;
			packageProductDependencies = (
				DACD0A7F29D0F9AB00B46C56 /* FirebaseAuth */,
				DACD0A8129D0F9AB00B46C56 /* FirebaseFirestore */,
				DACD0A8329D0F9AB00B46C56 /* FirebaseFirestoreSwift */,
				DACD0A8529D0F9AB00B46C56 /* FirebaseStorage */,
			);
			productName = Snacktacular;
			productReference = DACD0A6C29D0F52200B46C56 /* Snacktacular.app */;
			productType = "com.apple.product-type.application";
		};
/* End PBXNativeTarget section */

/* Begin PBXProject section */
		DACD0A6429D0F52200B46C56 /* Project object */ = {
			isa = PBXProject;
			attributes = {
				BuildIndependentTargetsInParallel = 1;
				LastSwiftUpdateCheck = 1420;
				LastUpgradeCheck = 1420;
				TargetAttributes = {
					DACD0A6B29D0F52200B46C56 = {
						CreatedOnToolsVersion = 14.2;
					};
				};
			};
			buildConfigurationList = DACD0A6729D0F52200B46C56 /* Build configuration list for PBXProject "Snacktacular" */;
			compatibilityVersion = "Xcode 14.0";
			developmentRegion = en;
			hasScannedForEncodings = 0;
			knownRegions = (
				en,
				Base,
			);
			mainGroup = DACD0A6329D0F52200B46C56;
			packageReferences = (
				DACD0A7E29D0F9AB00B46C56 /* XCRemoteSwiftPackageReference "firebase-ios-sdk" */,
			);
			productRefGroup = DACD0A6D29D0F52200B46C56 /* Products */;
			projectDirPath = "";
			projectRoot = "";
			targets = (
				DACD0A6B29D0F52200B46C56 /* Snacktacular */,
			);
		};
/* End PBXProject section */

/* Begin PBXResourcesBuildPhase section */
		DACD0A6A29D0F52200B46C56 /* Resources */ = {
			isa = PBXResourcesBuildPhase;
			buildActionMask = 2147483647;
			files = (
				DACD0A7729D0F52400B46C56 /* Preview Assets.xcassets in Resources */,
				DACD0A7429D0F52400B46C56 /* Assets.xcassets in Resources */,
				DACD0A8829D0FBD100B46C56 /* GoogleService-Info.plist in Resources */,
			);
			runOnlyForDeploymentPostprocessing = 0;
		};
/* End PBXResourcesBuildPhase section */

/* Begin PBXSourcesBuildPhase section */
		DACD0A6829D0F52200B46C56 /* Sources */ = {
			isa = PBXSourcesBuildPhase;
			buildActionMask = 2147483647;
			files = (
				DACD0A8E29D1EB2800B46C56 /* SpotDetailView.swift in Sources */,
				DACD0A7229D0F52200B46C56 /* LoginView.swift in Sources */,
				DACD0A9029D1ED3700B46C56 /* SoptViewModel.swift in Sources */,
				DACD0A7029D0F52200B46C56 /* SnacktacularApp.swift in Sources */,
				DACD0A8A29D10A6B00B46C56 /* ListView.swift in Sources */,
				DACD0A8C29D1EA1A00B46C56 /* Spot.swift in Sources */,
			);
			runOnlyForDeploymentPostprocessing = 0;
		};
/* End PBXSourcesBuildPhase section */

/* Begin XCBuildConfiguration section */
		DACD0A7829D0F52400B46C56 /* Debug */ = {
			isa = XCBuildConfiguration;
			buildSettings = {
				ALWAYS_SEARCH_USER_PATHS = NO;
				CLANG_ANALYZER_NONNULL = YES;
				CLANG_ANALYZER_NUMBER_OBJECT_CONVERSION = YES_AGGRESSIVE;
				CLANG_CXX_LANGUAGE_STANDARD = "gnu++20";
				CLANG_ENABLE_MODULES = YES;
				CLANG_ENABLE_OBJC_ARC = YES;
				CLANG_ENABLE_OBJC_WEAK = YES;
				CLANG_WARN_BLOCK_CAPTURE_AUTORELEASING = YES;
				CLANG_WARN_BOOL_CONVERSION = YES;
				CLANG_WARN_COMMA = YES;
				CLANG_WARN_CONSTANT_CONVERSION = YES;
				CLANG_WARN_DEPRECATED_OBJC_IMPLEMENTATIONS = YES;
				CLANG_WARN_DIRECT_OBJC_ISA_USAGE = YES_ERROR;
				CLANG_WARN_DOCUMENTATION_COMMENTS = YES;
				CLANG_WARN_EMPTY_BODY = YES;
				CLANG_WARN_ENUM_CONVERSION = YES;
				CLANG_WARN_INFINITE_RECURSION = YES;
				CLANG_WARN_INT_CONVERSION = YES;
				CLANG_WARN_NON_LITERAL_NULL_CONVERSION = YES;
				CLANG_WARN_OBJC_IMPLICIT_RETAIN_SELF = YES;
				CLANG_WARN_OBJC_LITERAL_CONVERSION = YES;
				CLANG_WARN_OBJC_ROOT_CLASS = YES_ERROR;
				CLANG_WARN_QUOTED_INCLUDE_IN_FRAMEWORK_HEADER = YES;
				CLANG_WARN_RANGE_LOOP_ANALYSIS = YES;
				CLANG_WARN_STRICT_PROTOTYPES = YES;
				CLANG_WARN_SUSPICIOUS_MOVE = YES;
				CLANG_WARN_UNGUARDED_AVAILABILITY = YES_AGGRESSIVE;
				CLANG_WARN_UNREACHABLE_CODE = YES;
				CLANG_WARN__DUPLICATE_METHOD_MATCH = YES;
				COPY_PHASE_STRIP = NO;
				DEBUG_INFORMATION_FORMAT = dwarf;
				ENABLE_STRICT_OBJC_MSGSEND = YES;
				ENABLE_TESTABILITY = YES;
				GCC_C_LANGUAGE_STANDARD = gnu11;
				GCC_DYNAMIC_NO_PIC = NO;
				GCC_NO_COMMON_BLOCKS = YES;
				GCC_OPTIMIZATION_LEVEL = 0;
				GCC_PREPROCESSOR_DEFINITIONS = (
					"DEBUG=1",
					"$(inherited)",
				);
				GCC_WARN_64_TO_32_BIT_CONVERSION = YES;
				GCC_WARN_ABOUT_RETURN_TYPE = YES_ERROR;
				GCC_WARN_UNDECLARED_SELECTOR = YES;
				GCC_WARN_UNINITIALIZED_AUTOS = YES_AGGRESSIVE;
				GCC_WARN_UNUSED_FUNCTION = YES;
				GCC_WARN_UNUSED_VARIABLE = YES;
				IPHONEOS_DEPLOYMENT_TARGET = 16.2;
				MTL_ENABLE_DEBUG_INFO = INCLUDE_SOURCE;
				MTL_FAST_MATH = YES;
				ONLY_ACTIVE_ARCH = YES;
				SDKROOT = iphoneos;
				SWIFT_ACTIVE_COMPILATION_CONDITIONS = DEBUG;
				SWIFT_OPTIMIZATION_LEVEL = "-Onone";
			};
			name = Debug;
		};
		DACD0A7929D0F52400B46C56 /* Release */ = {
			isa = XCBuildConfiguration;
			buildSettings = {
				ALWAYS_SEARCH_USER_PATHS = NO;
				CLANG_ANALYZER_NONNULL = YES;
				CLANG_ANALYZER_NUMBER_OBJECT_CONVERSION = YES_AGGRESSIVE;
				CLANG_CXX_LANGUAGE_STANDARD = "gnu++20";
				CLANG_ENABLE_MODULES = YES;
				CLANG_ENABLE_OBJC_ARC = YES;
				CLANG_ENABLE_OBJC_WEAK = YES;
				CLANG_WARN_BLOCK_CAPTURE_AUTORELEASING = YES;
				CLANG_WARN_BOOL_CONVERSION = YES;
				CLANG_WARN_COMMA = YES;
				CLANG_WARN_CONSTANT_CONVERSION = YES;
				CLANG_WARN_DEPRECATED_OBJC_IMPLEMENTATIONS = YES;
				CLANG_WARN_DIRECT_OBJC_ISA_USAGE = YES_ERROR;
				CLANG_WARN_DOCUMENTATION_COMMENTS = YES;
				CLANG_WARN_EMPTY_BODY = YES;
				CLANG_WARN_ENUM_CONVERSION = YES;
				CLANG_WARN_INFINITE_RECURSION = YES;
				CLANG_WARN_INT_CONVERSION = YES;
				CLANG_WARN_NON_LITERAL_NULL_CONVERSION = YES;
				CLANG_WARN_OBJC_IMPLICIT_RETAIN_SELF = YES;
				CLANG_WARN_OBJC_LITERAL_CONVERSION = YES;
				CLANG_WARN_OBJC_ROOT_CLASS = YES_ERROR;
				CLANG_WARN_QUOTED_INCLUDE_IN_FRAMEWORK_HEADER = YES;
				CLANG_WARN_RANGE_LOOP_ANALYSIS = YES;
				CLANG_WARN_STRICT_PROTOTYPES = YES;
				CLANG_WARN_SUSPICIOUS_MOVE = YES;
				CLANG_WARN_UNGUARDED_AVAILABILITY = YES_AGGRESSIVE;
				CLANG_WARN_UNREACHABLE_CODE = YES;
				CLANG_WARN__DUPLICATE_METHOD_MATCH = YES;
				COPY_PHASE_STRIP = NO;
				DEBUG_INFORMATION_FORMAT = "dwarf-with-dsym";
				ENABLE_NS_ASSERTIONS = NO;
				ENABLE_STRICT_OBJC_MSGSEND = YES;
				GCC_C_LANGUAGE_STANDARD = gnu11;
				GCC_NO_COMMON_BLOCKS = YES;
				GCC_WARN_64_TO_32_BIT_CONVERSION = YES;
				GCC_WARN_ABOUT_RETURN_TYPE = YES_ERROR;
				GCC_WARN_UNDECLARED_SELECTOR = YES;
				GCC_WARN_UNINITIALIZED_AUTOS = YES_AGGRESSIVE;
				GCC_WARN_UNUSED_FUNCTION = YES;
				GCC_WARN_UNUSED_VARIABLE = YES;
				IPHONEOS_DEPLOYMENT_TARGET = 16.2;
				MTL_ENABLE_DEBUG_INFO = NO;
				MTL_FAST_MATH = YES;
				SDKROOT = iphoneos;
				SWIFT_COMPILATION_MODE = wholemodule;
				SWIFT_OPTIMIZATION_LEVEL = "-O";
				VALIDATE_PRODUCT = YES;
			};
			name = Release;
		};
		DACD0A7B29D0F52400B46C56 /* Debug */ = {
			isa = XCBuildConfiguration;
			buildSettings = {
				ASSETCATALOG_COMPILER_APPICON_NAME = AppIcon;
				ASSETCATALOG_COMPILER_GLOBAL_ACCENT_COLOR_NAME = AccentColor;
				CODE_SIGN_STYLE = Automatic;
				CURRENT_PROJECT_VERSION = 1;
				DEVELOPMENT_ASSET_PATHS = "\"Snacktacular/Preview Content\"";
				DEVELOPMENT_TEAM = W984NP2NJR;
				ENABLE_PREVIEWS = YES;
				GENERATE_INFOPLIST_FILE = YES;
				INFOPLIST_FILE = Snacktacular/Info.plist;
				INFOPLIST_KEY_UIApplicationSceneManifest_Generation = YES;
				INFOPLIST_KEY_UIApplicationSupportsIndirectInputEvents = YES;
				INFOPLIST_KEY_UISupportedInterfaceOrientations_iPad = "UIInterfaceOrientationPortrait UIInterfaceOrientationPortraitUpsideDown UIInterfaceOrientationLandscapeLeft UIInterfaceOrientationLandscapeRight";
				INFOPLIST_KEY_UISupportedInterfaceOrientations_iPhone = "UIInterfaceOrientationPortrait UIInterfaceOrientationLandscapeLeft UIInterfaceOrientationLandscapeRight";
				LD_RUNPATH_SEARCH_PATHS = (
					"$(inherited)",
					"@executable_path/Frameworks",
				);
				MARKETING_VERSION = 1.0;
				PRODUCT_BUNDLE_IDENTIFIER = com.sigety.Snacktacular;
				PRODUCT_NAME = "$(TARGET_NAME)";
				SWIFT_EMIT_LOC_STRINGS = YES;
				SWIFT_VERSION = 5.0;
				TARGETED_DEVICE_FAMILY = "1,2";
			};
			name = Debug;
		};
		DACD0A7C29D0F52400B46C56 /* Release */ = {
			isa = XCBuildConfiguration;
			buildSettings = {
				ASSETCATALOG_COMPILER_APPICON_NAME = AppIcon;
				ASSETCATALOG_COMPILER_GLOBAL_ACCENT_COLOR_NAME = AccentColor;
				CODE_SIGN_STYLE = Automatic;
				CURRENT_PROJECT_VERSION = 1;
				DEVELOPMENT_ASSET_PATHS = "\"Snacktacular/Preview Content\"";
				DEVELOPMENT_TEAM = W984NP2NJR;
				ENABLE_PREVIEWS = YES;
				GENERATE_INFOPLIST_FILE = YES;
				INFOPLIST_FILE = Snacktacular/Info.plist;
				INFOPLIST_KEY_UIApplicationSceneManifest_Generation = YES;
				INFOPLIST_KEY_UIApplicationSupportsIndirectInputEvents = YES;
				INFOPLIST_KEY_UISupportedInterfaceOrientations_iPad = "UIInterfaceOrientationPortrait UIInterfaceOrientationPortraitUpsideDown UIInterfaceOrientationLandscapeLeft UIInterfaceOrientationLandscapeRight";
				INFOPLIST_KEY_UISupportedInterfaceOrientations_iPhone = "UIInterfaceOrientationPortrait UIInterfaceOrientationLandscapeLeft UIInterfaceOrientationLandscapeRight";
				LD_RUNPATH_SEARCH_PATHS = (
					"$(inherited)",
					"@executable_path/Frameworks",
				);
				MARKETING_VERSION = 1.0;
				PRODUCT_BUNDLE_IDENTIFIER = com.sigety.Snacktacular;
				PRODUCT_NAME = "$(TARGET_NAME)";
				SWIFT_EMIT_LOC_STRINGS = YES;
				SWIFT_VERSION = 5.0;
				TARGETED_DEVICE_FAMILY = "1,2";
			};
			name = Release;
		};
/* End XCBuildConfiguration section */

/* Begin XCConfigurationList section */
		DACD0A6729D0F52200B46C56 /* Build configuration list for PBXProject "Snacktacular" */ = {
			isa = XCConfigurationList;
			buildConfigurations = (
				DACD0A7829D0F52400B46C56 /* Debug */,
				DACD0A7929D0F52400B46C56 /* Release */,
			);
			defaultConfigurationIsVisible = 0;
			defaultConfigurationName = Release;
		};
		DACD0A7A29D0F52400B46C56 /* Build configuration list for PBXNativeTarget "Snacktacular" */ = {
			isa = XCConfigurationList;
			buildConfigurations = (
				DACD0A7B29D0F52400B46C56 /* Debug */,
				DACD0A7C29D0F52400B46C56 /* Release */,
			);
			defaultConfigurationIsVisible = 0;
			defaultConfigurationName = Release;
		};
/* End XCConfigurationList section */

/* Begin XCRemoteSwiftPackageReference section */
		DACD0A7E29D0F9AB00B46C56 /* XCRemoteSwiftPackageReference "firebase-ios-sdk" */ = {
			isa = XCRemoteSwiftPackageReference;
			repositoryURL = "https://github.com/firebase/firebase-ios-sdk.git";
			requirement = {
				kind = upToNextMajorVersion;
				minimumVersion = 9.0.0;
			};
		};
/* End XCRemoteSwiftPackageReference section */

/* Begin XCSwiftPackageProductDependency section */
		DACD0A7F29D0F9AB00B46C56 /* FirebaseAuth */ = {
			isa = XCSwiftPackageProductDependency;
			package = DACD0A7E29D0F9AB00B46C56 /* XCRemoteSwiftPackageReference "firebase-ios-sdk" */;
			productName = FirebaseAuth;
		};
		DACD0A8129D0F9AB00B46C56 /* FirebaseFirestore */ = {
			isa = XCSwiftPackageProductDependency;
			package = DACD0A7E29D0F9AB00B46C56 /* XCRemoteSwiftPackageReference "firebase-ios-sdk" */;
			productName = FirebaseFirestore;
		};
		DACD0A8329D0F9AB00B46C56 /* FirebaseFirestoreSwift */ = {
			isa = XCSwiftPackageProductDependency;
			package = DACD0A7E29D0F9AB00B46C56 /* XCRemoteSwiftPackageReference "firebase-ios-sdk" */;
			productName = FirebaseFirestoreSwift;
		};
		DACD0A8529D0F9AB00B46C56 /* FirebaseStorage */ = {
			isa = XCSwiftPackageProductDependency;
			package = DACD0A7E29D0F9AB00B46C56 /* XCRemoteSwiftPackageReference "firebase-ios-sdk" */;
			productName = FirebaseStorage;
		};
/* End XCSwiftPackageProductDependency section */
	};
	rootObject = DACD0A6429D0F52200B46C56 /* Project object */;
}
